
Microsoft Visual Studio Solution File, Format Version 12.00
Project("{FAE04EC0-301F-11D3-BF4B-00C04F79EFBC}") = "gzip.sample", "gzip.sample\gzip.sample.csproj", "{0E654B45-E880-4F02-AD9E-E5AEA2CF11E9}"
EndProject
Project("{FAE04EC0-301F-11D3-BF4B-00C04F79EFBC}") = "gzip.benchmark", "..\gzip.benchmark\gzip.benchmark.csproj", "{F7EFC801-CC5E-475A-A2A2-4A56B1613ED9}"
EndProject
Global
	GlobalSection(SolutionConfigurationPlatforms) = preSolution
		Debug|Any CPU = Debug|Any CPU
		Release|Any CPU = Release|Any CPU
	EndGlobalSection
	GlobalSection(ProjectConfigurationPlatforms) = postSolution
		{0E654B45-E880-4F02-AD9E-E5AEA2CF11E9}.Debug|Any CPU.ActiveCfg = Debug|Any CPU
		{0E654B45-E880-4F02-AD9E-E5AEA2CF11E9}.Debug|Any CPU.Build.0 = Debug|Any CPU
		{0E654B45-E880-4F02-AD9E-E5AEA2CF11E9}.Release|Any CPU.ActiveCfg = Release|Any CPU
		{0E654B45-E880-4F02-AD9E-E5AEA2CF11E9}.Release|Any CPU.Build.0 = Release|Any CPU
		{F7EFC801-CC5E-475A-A2A2-4A56B1613ED9}.Debug|Any CPU.ActiveCfg = Debug|Any CPU
		{F7EFC801-CC5E-475A-A2A2-4A56B1613ED9}.Debug|Any CPU.Build.0 = Debug|Any CPU
		{F7EFC801-CC5E-475A-A2A2-4A56B1613ED9}.Release|Any CPU.ActiveCfg = Release|Any CPU
		{F7EFC801-CC5E-475A-A2A2-4A56B1613ED9}.Release|Any CPU.Build.0 = Release|Any CPU
	EndGlobalSection
EndGlobal
